<?xml version="1.0" encoding="utf-8"?>
<Project ToolsVersion="4.0" xmlns="http://schemas.microsoft.com/developer/msbuild/2003">
  <ItemGroup>
    <Filter Include="Source Files">
      <UniqueIdentifier>{4FC737F1-C7A5-4376-A066-2A32D752A2FF}</UniqueIdentifier>
      <Extensions>cpp;c;cc;cxx;c++;cppm;ixx;def;odl;idl;hpj;bat;asm;asmx</Extensions>
    </Filter>
    <Filter Include="Header Files">
      <UniqueIdentifier>{93995380-89BD-4b04-88EB-625FBE52EBFB}</UniqueIdentifier>
      <Extensions>h;hh;hpp;hxx;h++;hm;inl;inc;ipp;xsd</Extensions>
    </Filter>
    <Filter Include="Resource Files">
      <UniqueIdentifier>{67DA6AB6-F800-4c08-8B7A-83BB121AAD01}</UniqueIdentifier>
      <Extensions>rc;ico;cur;bmp;dlg;rc2;rct;bin;rgs;gif;jpg;jpeg;jpe;resx;tiff;tif;png;wav;mfcribbon-ms</Extensions>
    </Filter>
  </ItemGroup>
  <ItemGroup>
    <ClCompile Include="PROJECT\BeginnersGarden.cpp">
      <Filter>Source Files</Filter>
    </ClCompile>
    <ClCompile Include="PROJECT\Bullet.cpp">
      <Filter>Source Files</Filter>
    </ClCompile>
    <ClCompile Include="PROJECT\Cactus.cpp">
      <Filter>Source Files</Filter>
    </ClCompile>
    <ClCompile Include="PROJECT\Card.cpp">
      <Filter>Source Files</Filter>
    </ClCompile>
    <ClCompile Include="PROJECT\Character.cpp">
      <Filter>Source Files</Filter>
    </ClCompile>
    <ClCompile Include="PROJECT\CherryBomb.cpp">
      <Filter>Source Files</Filter>
    </ClCompile>
    <ClCompile Include="PROJECT\DancingZombie.cpp">
      <Filter>Source Files</Filter>
    </ClCompile>
    <ClCompile Include="PROJECT\DolphinRiderZombie.cpp">
      <Filter>Source Files</Filter>
    </ClCompile>
    <ClCompile Include="PROJECT\Explosion.cpp">
      <Filter>Source Files</Filter>
    </ClCompile>
    <ClCompile Include="PROJECT\FlyingZombie.cpp">
      <Filter>Source Files</Filter>
    </ClCompile>
    <ClCompile Include="PROJECT\FootballZombie.cpp">
      <Filter>Source Files</Filter>
    </ClCompile>
    <ClCompile Include="PROJECT\FrozenPea.cpp">
      <Filter>Source Files</Filter>
    </ClCompile>
    <ClCompile Include="PROJECT\FrozenPeaShooter.cpp">
      <Filter>Source Files</Filter>
    </ClCompile>
    <ClCompile Include="PROJECT\Game.cpp">
      <Filter>Source Files</Filter>
    </ClCompile>
    <ClCompile Include="PROJECT\GameObject.cpp">
      <Filter>Source Files</Filter>
    </ClCompile>
    <ClCompile Include="PROJECT\Instructions.cpp">
      <Filter>Source Files</Filter>
    </ClCompile>
    <ClCompile Include="PROJECT\Intro.cpp">
      <Filter>Source Files</Filter>
    </ClCompile>
    <ClCompile Include="PROJECT\Lawn.cpp">
      <Filter>Source Files</Filter>
    </ClCompile>
    <ClCompile Include="PROJECT\LawnMower.cpp">
      <Filter>Source Files</Filter>
    </ClCompile>
    <ClCompile Include="PROJECT\Level.cpp">
      <Filter>Source Files</Filter>
    </ClCompile>
    <ClCompile Include="PROJECT\MainMenu.cpp">
      <Filter>Source Files</Filter>
    </ClCompile>
    <ClCompile Include="PROJECT\MovingObject.cpp">
      <Filter>Source Files</Filter>
    </ClCompile>
    <ClCompile Include="PROJECT\MovingObjectArr.cpp">
      <Filter>Source Files</Filter>
    </ClCompile>
    <ClCompile Include="PROJECT\Pea.cpp">
      <Filter>Source Files</Filter>
    </ClCompile>
    <ClCompile Include="PROJECT\PeaShooter.cpp">
      <Filter>Source Files</Filter>
    </ClCompile>
    <ClCompile Include="PROJECT\Plant.cpp">
      <Filter>Source Files</Filter>
    </ClCompile>
    <ClCompile Include="PROJECT\PlantArr.cpp">
      <Filter>Source Files</Filter>
    </ClCompile>
    <ClCompile Include="PROJECT\PlantFactory.cpp">
      <Filter>Source Files</Filter>
    </ClCompile>
    <ClCompile Include="PROJECT\Player.cpp">
      <Filter>Source Files</Filter>
    </ClCompile>
    <ClCompile Include="PROJECT\PlayerArray.cpp">
      <Filter>Source Files</Filter>
    </ClCompile>
    <ClCompile Include="PROJECT\Point.cpp">
      <Filter>Source Files</Filter>
    </ClCompile>
    <ClCompile Include="PROJECT\Repeater.cpp">
      <Filter>Source Files</Filter>
    </ClCompile>
    <ClCompile Include="PROJECT\ScoreBoard.cpp">
      <Filter>Source Files</Filter>
    </ClCompile>
    <ClCompile Include="PROJECT\Screen.cpp">
      <Filter>Source Files</Filter>
    </ClCompile>
    <ClCompile Include="PROJECT\SelectLevel.cpp">
      <Filter>Source Files</Filter>
    </ClCompile>
    <ClCompile Include="PROJECT\ShootingPlant.cpp">
      <Filter>Source Files</Filter>
    </ClCompile>
    <ClCompile Include="PROJECT\Shop.cpp">
      <Filter>Source Files</Filter>
    </ClCompile>
    <ClCompile Include="PROJECT\SimpleZombie.cpp">
      <Filter>Source Files</Filter>
    </ClCompile>
    <ClCompile Include="PROJECT\Source2.cpp">
      <Filter>Source Files</Filter>
    </ClCompile>
    <ClCompile Include="PROJECT\Sun.cpp">
      <Filter>Source Files</Filter>
    </ClCompile>
    <ClCompile Include="PROJECT\SunFlower.cpp">
      <Filter>Source Files</Filter>
    </ClCompile>
    <ClCompile Include="PROJECT\SunflowerFields.cpp">
      <Filter>Source Files</Filter>
    </ClCompile>
    <ClCompile Include="PROJECT\TakeName.cpp">
      <Filter>Source Files</Filter>
    </ClCompile>
    <ClCompile Include="PROJECT\Wallnut.cpp">
      <Filter>Source Files</Filter>
    </ClCompile>
    <ClCompile Include="PROJECT\Zombie.cpp">
      <Filter>Source Files</Filter>
    </ClCompile>
    <ClCompile Include="PROJECT\ZombieArr.cpp">
      <Filter>Source Files</Filter>
    </ClCompile>
    <ClCompile Include="PROJECT\ZombieFactory.cpp">
      <Filter>Source Files</Filter>
    </ClCompile>
    <ClCompile Include="PROJECT\ZombieOutskirts.cpp">
      <Filter>Source Files</Filter>
    </ClCompile>
  </ItemGroup>
  <ItemGroup>
    <ClInclude Include="PROJECT\BeginnersGarden.h">
      <Filter>Header Files</Filter>
    </ClInclude>
    <ClInclude Include="PROJECT\Bullet.h">
      <Filter>Header Files</Filter>
    </ClInclude>
    <ClInclude Include="PROJECT\Cactus.h">
      <Filter>Header Files</Filter>
    </ClInclude>
    <ClInclude Include="PROJECT\Card.h">
      <Filter>Header Files</Filter>
    </ClInclude>
    <ClInclude Include="PROJECT\Character.h">
      <Filter>Header Files</Filter>
    </ClInclude>
    <ClInclude Include="PROJECT\CherryBomb.h">
      <Filter>Header Files</Filter>
    </ClInclude>
    <ClInclude Include="PROJECT\DancingZombie.h">
      <Filter>Header Files</Filter>
    </ClInclude>
    <ClInclude Include="PROJECT\DolphinRiderZombie.h">
      <Filter>Header Files</Filter>
    </ClInclude>
    <ClInclude Include="PROJECT\Explosion.h">
      <Filter>Header Files</Filter>
    </ClInclude>
    <ClInclude Include="PROJECT\FlyingZombie.h">
      <Filter>Header Files</Filter>
    </ClInclude>
    <ClInclude Include="PROJECT\FootballZombie.h">
      <Filter>Header Files</Filter>
    </ClInclude>
    <ClInclude Include="PROJECT\FrozenPea.h">
      <Filter>Header Files</Filter>
    </ClInclude>
    <ClInclude Include="PROJECT\FrozenPeaShooter.h">
      <Filter>Header Files</Filter>
    </ClInclude>
    <ClInclude Include="PROJECT\Game.h">
      <Filter>Header Files</Filter>
    </ClInclude>
    <ClInclude Include="PROJECT\GameObject.h">
      <Filter>Header Files</Filter>
    </ClInclude>
    <ClInclude Include="PROJECT\Header.h">
      <Filter>Header Files</Filter>
    </ClInclude>
    <ClInclude Include="PROJECT\Instructions.h">
      <Filter>Header Files</Filter>
    </ClInclude>
    <ClInclude Include="PROJECT\Intro.h">
      <Filter>Header Files</Filter>
    </ClInclude>
    <ClInclude Include="PROJECT\Lawn.h">
      <Filter>Header Files</Filter>
    </ClInclude>
    <ClInclude Include="PROJECT\LawnMower.h">
      <Filter>Header Files</Filter>
    </ClInclude>
    <ClInclude Include="PROJECT\Level.h">
      <Filter>Header Files</Filter>
    </ClInclude>
    <ClInclude Include="PROJECT\MainMenu.h">
      <Filter>Header Files</Filter>
    </ClInclude>
    <ClInclude Include="PROJECT\MovingObject.h">
      <Filter>Header Files</Filter>
    </ClInclude>
    <ClInclude Include="PROJECT\MovingObjectArr.h">
      <Filter>Header Files</Filter>
    </ClInclude>
    <ClInclude Include="PROJECT\Pea.h">
      <Filter>Header Files</Filter>
    </ClInclude>
    <ClInclude Include="PROJECT\PeaShooter.h">
      <Filter>Header Files</Filter>
    </ClInclude>
    <ClInclude Include="PROJECT\Plant.h">
      <Filter>Header Files</Filter>
    </ClInclude>
    <ClInclude Include="PROJECT\PlantArr.h">
      <Filter>Header Files</Filter>
    </ClInclude>
    <ClInclude Include="PROJECT\PlantFactory.h">
      <Filter>Header Files</Filter>
    </ClInclude>
    <ClInclude Include="PROJECT\Player.h">
      <Filter>Header Files</Filter>
    </ClInclude>
    <ClInclude Include="PROJECT\PlayerArray.h">
      <Filter>Header Files</Filter>
    </ClInclude>
    <ClInclude Include="PROJECT\Point.h">
      <Filter>Header Files</Filter>
    </ClInclude>
    <ClInclude Include="PROJECT\Repeater.h">
      <Filter>Header Files</Filter>
    </ClInclude>
    <ClInclude Include="PROJECT\ScoreBoard.h">
      <Filter>Header Files</Filter>
    </ClInclude>
    <ClInclude Include="PROJECT\Screen.h">
      <Filter>Header Files</Filter>
    </ClInclude>
    <ClInclude Include="PROJECT\SelectLevel.h">
      <Filter>Header Files</Filter>
    </ClInclude>
    <ClInclude Include="PROJECT\ShootingPlant.h">
      <Filter>Header Files</Filter>
    </ClInclude>
    <ClInclude Include="PROJECT\Shop.h">
      <Filter>Header Files</Filter>
    </ClInclude>
    <ClInclude Include="PROJECT\SimpleZombie.h">
      <Filter>Header Files</Filter>
    </ClInclude>
    <ClInclude Include="PROJECT\Sun.h">
      <Filter>Header Files</Filter>
    </ClInclude>
    <ClInclude Include="PROJECT\SunFlower.h">
      <Filter>Header Files</Filter>
    </ClInclude>
    <ClInclude Include="PROJECT\SunflowerFields.h">
      <Filter>Header Files</Filter>
    </ClInclude>
    <ClInclude Include="PROJECT\TakeName.h">
      <Filter>Header Files</Filter>
    </ClInclude>
    <ClInclude Include="PROJECT\Wallnut.h">
      <Filter>Header Files</Filter>
    </ClInclude>
    <ClInclude Include="PROJECT\Zombie.h">
      <Filter>Header Files</Filter>
    </ClInclude>
    <ClInclude Include="PROJECT\ZombieArr.h">
      <Filter>Header Files</Filter>
    </ClInclude>
    <ClInclude Include="PROJECT\ZombieFactory.h">
      <Filter>Header Files</Filter>
    </ClInclude>
    <ClInclude Include="PROJECT\ZombieOutskirts.h">
      <Filter>Header Files</Filter>
    </ClInclude>
  </ItemGroup>
</Project>